Microsoft Visual Studio Solution File, Format Version 12.00
# Visual Studio Version 17
VisualStudioVersion = 17.5.2.0
MinimumVisualStudioVersion = 10.0.40219.1
Project("{FAE04EC0-301F-11D3-BF4B-00C04F79EFBC}") = "QuestionBank", "QuestionBank.csproj", "{45934038-13BC-5DA0-D0A9-C04A9717CA5C}"
EndProject
Global
	GlobalSection(SolutionConfigurationPlatforms) = preSolution
		Debug|Any CPU = Debug|Any CPU
		Release|Any CPU = Release|Any CPU
	EndGlobalSection
	GlobalSection(ProjectConfigurationPlatforms) = postSolution
		{45934038-13BC-5DA0-D0A9-C04A9717CA5C}.Debug|Any CPU.ActiveCfg = Debug|Any CPU
		{45934038-13BC-5DA0-D0A9-C04A9717CA5C}.Debug|Any CPU.Build.0 = Debug|Any CPU
		{45934038-13BC-5DA0-D0A9-C04A9717CA5C}.Release|Any CPU.ActiveCfg = Release|Any CPU
		{45934038-13BC-5DA0-D0A9-C04A9717CA5C}.Release|Any CPU.Build.0 = Release|Any CPU
	EndGlobalSection
	GlobalSection(SolutionProperties) = preSolution
		HideSolutionNode = FALSE
	EndGlobalSection
	GlobalSection(ExtensibilityGlobals) = postSolution
<<<<<<< HEAD
		SolutionGuid = {395E8B69-79BA-4F9C-9625-7EA95728FE14}
=======
		SolutionGuid = {7FB6CACA-03C2-466C-A0FE-1C535F67454D}
>>>>>>> b2f06a7bbf589942f0cc2ba90d83fb3fdf41d229
	EndGlobalSection
EndGlobal
