Microsoft Visual Studio Solution File, Format Version 12.00
# Visual Studio Version 17
VisualStudioVersion = 17.5.2.0
MinimumVisualStudioVersion = 10.0.40219.1
Project("{FAE04EC0-301F-11D3-BF4B-00C04F79EFBC}") = "LINQ-operations", "LINQ-operations.csproj", "{20251DE1-5930-01CF-2485-57C6CB94C108}"
EndProject
Global
	GlobalSection(SolutionConfigurationPlatforms) = preSolution
		Debug|Any CPU = Debug|Any CPU
		Release|Any CPU = Release|Any CPU
	EndGlobalSection
	GlobalSection(ProjectConfigurationPlatforms) = postSolution
		{20251DE1-5930-01CF-2485-57C6CB94C108}.Debug|Any CPU.ActiveCfg = Debug|Any CPU
		{20251DE1-5930-01CF-2485-57C6CB94C108}.Debug|Any CPU.Build.0 = Debug|Any CPU
		{20251DE1-5930-01CF-2485-57C6CB94C108}.Release|Any CPU.ActiveCfg = Release|Any CPU
		{20251DE1-5930-01CF-2485-57C6CB94C108}.Release|Any CPU.Build.0 = Release|Any CPU
	EndGlobalSection
	GlobalSection(SolutionProperties) = preSolution
		HideSolutionNode = FALSE
	EndGlobalSection
	GlobalSection(ExtensibilityGlobals) = postSolution
		SolutionGuid = {63EC31FB-324C-48A7-A630-4E3B6BDAB0E4}
	EndGlobalSection
EndGlobal
