Microsoft Visual Studio Solution File, Format Version 12.00
# Visual Studio Version 17
VisualStudioVersion = 17.5.2.0
MinimumVisualStudioVersion = 10.0.40219.1
Project("{FAE04EC0-301F-11D3-BF4B-00C04F79EFBC}") = "simpleprogram", "simpleprogram.csproj", "{64B04E73-BCBC-2C95-0F5F-21ED9D4E16D5}"
EndProject
Global
	GlobalSection(SolutionConfigurationPlatforms) = preSolution
		Debug|Any CPU = Debug|Any CPU
		Release|Any CPU = Release|Any CPU
	EndGlobalSection
	GlobalSection(ProjectConfigurationPlatforms) = postSolution
		{64B04E73-BCBC-2C95-0F5F-21ED9D4E16D5}.Debug|Any CPU.ActiveCfg = Debug|Any CPU
		{64B04E73-BCBC-2C95-0F5F-21ED9D4E16D5}.Debug|Any CPU.Build.0 = Debug|Any CPU
		{64B04E73-BCBC-2C95-0F5F-21ED9D4E16D5}.Release|Any CPU.ActiveCfg = Release|Any CPU
		{64B04E73-BCBC-2C95-0F5F-21ED9D4E16D5}.Release|Any CPU.Build.0 = Release|Any CPU
	EndGlobalSection
	GlobalSection(SolutionProperties) = preSolution
		HideSolutionNode = FALSE
	EndGlobalSection
	GlobalSection(ExtensibilityGlobals) = postSolution
		SolutionGuid = {2BF16295-A4B4-4C8D-9F1D-592B37B3E2D2}
	EndGlobalSection
EndGlobal
