Microsoft Visual Studio Solution File, Format Version 12.00
# Visual Studio Version 17
VisualStudioVersion = 17.5.2.0
MinimumVisualStudioVersion = 10.0.40219.1
Project("{FAE04EC0-301F-11D3-BF4B-00C04F79EFBC}") = "LanguageFeaturesTest", "LanguageFeaturesTest.csproj", "{B14D5EAD-3980-3951-7FBB-9C9D27C72411}"
EndProject
Global
	GlobalSection(SolutionConfigurationPlatforms) = preSolution
		Debug|Any CPU = Debug|Any CPU
		Release|Any CPU = Release|Any CPU
	EndGlobalSection
	GlobalSection(ProjectConfigurationPlatforms) = postSolution
		{B14D5EAD-3980-3951-7FBB-9C9D27C72411}.Debug|Any CPU.ActiveCfg = Debug|Any CPU
		{B14D5EAD-3980-3951-7FBB-9C9D27C72411}.Debug|Any CPU.Build.0 = Debug|Any CPU
		{B14D5EAD-3980-3951-7FBB-9C9D27C72411}.Release|Any CPU.ActiveCfg = Release|Any CPU
		{B14D5EAD-3980-3951-7FBB-9C9D27C72411}.Release|Any CPU.Build.0 = Release|Any CPU
	EndGlobalSection
	GlobalSection(SolutionProperties) = preSolution
		HideSolutionNode = FALSE
	EndGlobalSection
	GlobalSection(ExtensibilityGlobals) = postSolution
		SolutionGuid = {3BC7EBE8-B2D2-46EC-8473-F2DEB423A439}
	EndGlobalSection
EndGlobal
