Microsoft Visual Studio Solution File, Format Version 12.00
# Visual Studio Version 17
VisualStudioVersion = 17.5.2.0
MinimumVisualStudioVersion = 10.0.40219.1
Project("{FAE04EC0-301F-11D3-BF4B-00C04F79EFBC}") = "RepositoryPattern", "RepositoryPattern.csproj", "{BFBDA4F4-CB33-5391-00D3-D0F3E207AFA9}"
EndProject
Global
	GlobalSection(SolutionConfigurationPlatforms) = preSolution
		Debug|Any CPU = Debug|Any CPU
		Release|Any CPU = Release|Any CPU
	EndGlobalSection
	GlobalSection(ProjectConfigurationPlatforms) = postSolution
		{BFBDA4F4-CB33-5391-00D3-D0F3E207AFA9}.Debug|Any CPU.ActiveCfg = Debug|Any CPU
		{BFBDA4F4-CB33-5391-00D3-D0F3E207AFA9}.Debug|Any CPU.Build.0 = Debug|Any CPU
		{BFBDA4F4-CB33-5391-00D3-D0F3E207AFA9}.Release|Any CPU.ActiveCfg = Release|Any CPU
		{BFBDA4F4-CB33-5391-00D3-D0F3E207AFA9}.Release|Any CPU.Build.0 = Release|Any CPU
	EndGlobalSection
	GlobalSection(SolutionProperties) = preSolution
		HideSolutionNode = FALSE
	EndGlobalSection
	GlobalSection(ExtensibilityGlobals) = postSolution
		SolutionGuid = {B4AB1169-81D5-4E0C-89ED-00EE5E480DF9}
	EndGlobalSection
EndGlobal
