
Microsoft Visual Studio Solution File, Format Version 12.00
# Visual Studio Version 17
VisualStudioVersion = 17.0.31903.59
MinimumVisualStudioVersion = 10.0.40219.1
Project("{FAE04EC0-301F-11D3-BF4B-00C04F79EFBC}") = "employeeRepository", "..\employeeRepository\employeeRepository.csproj", "{A21EF5E6-B908-4E79-A0B3-5BEE2A398029}"
EndProject
Project("{FAE04EC0-301F-11D3-BF4B-00C04F79EFBC}") = "employeeservice", "..\employeeservice\employeeservice.csproj", "{28B2E8AF-0A1C-43CF-9B2A-899F58D7EFF7}"
EndProject
Project("{FAE04EC0-301F-11D3-BF4B-00C04F79EFBC}") = "empconsole", "..\empconsole\empconsole.csproj", "{F7B8B599-C744-4207-899D-672ED1231201}"
EndProject
Global
	GlobalSection(SolutionConfigurationPlatforms) = preSolution
		Debug|Any CPU = Debug|Any CPU
		Debug|x64 = Debug|x64
		Debug|x86 = Debug|x86
		Release|Any CPU = Release|Any CPU
		Release|x64 = Release|x64
		Release|x86 = Release|x86
	EndGlobalSection
	GlobalSection(ProjectConfigurationPlatforms) = postSolution
		{A21EF5E6-B908-4E79-A0B3-5BEE2A398029}.Debug|Any CPU.ActiveCfg = Debug|Any CPU
		{A21EF5E6-B908-4E79-A0B3-5BEE2A398029}.Debug|Any CPU.Build.0 = Debug|Any CPU
		{A21EF5E6-B908-4E79-A0B3-5BEE2A398029}.Debug|x64.ActiveCfg = Debug|Any CPU
		{A21EF5E6-B908-4E79-A0B3-5BEE2A398029}.Debug|x64.Build.0 = Debug|Any CPU
		{A21EF5E6-B908-4E79-A0B3-5BEE2A398029}.Debug|x86.ActiveCfg = Debug|Any CPU
		{A21EF5E6-B908-4E79-A0B3-5BEE2A398029}.Debug|x86.Build.0 = Debug|Any CPU
		{A21EF5E6-B908-4E79-A0B3-5BEE2A398029}.Release|Any CPU.ActiveCfg = Release|Any CPU
		{A21EF5E6-B908-4E79-A0B3-5BEE2A398029}.Release|Any CPU.Build.0 = Release|Any CPU
		{A21EF5E6-B908-4E79-A0B3-5BEE2A398029}.Release|x64.ActiveCfg = Release|Any CPU
		{A21EF5E6-B908-4E79-A0B3-5BEE2A398029}.Release|x64.Build.0 = Release|Any CPU
		{A21EF5E6-B908-4E79-A0B3-5BEE2A398029}.Release|x86.ActiveCfg = Release|Any CPU
		{A21EF5E6-B908-4E79-A0B3-5BEE2A398029}.Release|x86.Build.0 = Release|Any CPU
		{28B2E8AF-0A1C-43CF-9B2A-899F58D7EFF7}.Debug|Any CPU.ActiveCfg = Debug|Any CPU
		{28B2E8AF-0A1C-43CF-9B2A-899F58D7EFF7}.Debug|Any CPU.Build.0 = Debug|Any CPU
		{28B2E8AF-0A1C-43CF-9B2A-899F58D7EFF7}.Debug|x64.ActiveCfg = Debug|Any CPU
		{28B2E8AF-0A1C-43CF-9B2A-899F58D7EFF7}.Debug|x64.Build.0 = Debug|Any CPU
		{28B2E8AF-0A1C-43CF-9B2A-899F58D7EFF7}.Debug|x86.ActiveCfg = Debug|Any CPU
		{28B2E8AF-0A1C-43CF-9B2A-899F58D7EFF7}.Debug|x86.Build.0 = Debug|Any CPU
		{28B2E8AF-0A1C-43CF-9B2A-899F58D7EFF7}.Release|Any CPU.ActiveCfg = Release|Any CPU
		{28B2E8AF-0A1C-43CF-9B2A-899F58D7EFF7}.Release|Any CPU.Build.0 = Release|Any CPU
		{28B2E8AF-0A1C-43CF-9B2A-899F58D7EFF7}.Release|x64.ActiveCfg = Release|Any CPU
		{28B2E8AF-0A1C-43CF-9B2A-899F58D7EFF7}.Release|x64.Build.0 = Release|Any CPU
		{28B2E8AF-0A1C-43CF-9B2A-899F58D7EFF7}.Release|x86.ActiveCfg = Release|Any CPU
		{28B2E8AF-0A1C-43CF-9B2A-899F58D7EFF7}.Release|x86.Build.0 = Release|Any CPU
		{F7B8B599-C744-4207-899D-672ED1231201}.Debug|Any CPU.ActiveCfg = Debug|Any CPU
		{F7B8B599-C744-4207-899D-672ED1231201}.Debug|Any CPU.Build.0 = Debug|Any CPU
		{F7B8B599-C744-4207-899D-672ED1231201}.Debug|x64.ActiveCfg = Debug|Any CPU
		{F7B8B599-C744-4207-899D-672ED1231201}.Debug|x64.Build.0 = Debug|Any CPU
		{F7B8B599-C744-4207-899D-672ED1231201}.Debug|x86.ActiveCfg = Debug|Any CPU
		{F7B8B599-C744-4207-899D-672ED1231201}.Debug|x86.Build.0 = Debug|Any CPU
		{F7B8B599-C744-4207-899D-672ED1231201}.Release|Any CPU.ActiveCfg = Release|Any CPU
		{F7B8B599-C744-4207-899D-672ED1231201}.Release|Any CPU.Build.0 = Release|Any CPU
		{F7B8B599-C744-4207-899D-672ED1231201}.Release|x64.ActiveCfg = Release|Any CPU
		{F7B8B599-C744-4207-899D-672ED1231201}.Release|x64.Build.0 = Release|Any CPU
		{F7B8B599-C744-4207-899D-672ED1231201}.Release|x86.ActiveCfg = Release|Any CPU
		{F7B8B599-C744-4207-899D-672ED1231201}.Release|x86.Build.0 = Release|Any CPU
	EndGlobalSection
	GlobalSection(SolutionProperties) = preSolution
		HideSolutionNode = FALSE
	EndGlobalSection
EndGlobal
