
Microsoft Visual Studio Solution File, Format Version 12.00
# Visual Studio Version 17
VisualStudioVersion = 17.0.31903.59
MinimumVisualStudioVersion = 10.0.40219.1
Project("{FAE04EC0-301F-11D3-BF4B-00C04F79EFBC}") = "personRepository", "personRepository\personRepository.csproj", "{B78E6452-3421-44F2-B8FC-D11F441B91EA}"
EndProject
Project("{FAE04EC0-301F-11D3-BF4B-00C04F79EFBC}") = "personServices", "personServices\personServices.csproj", "{C7819897-5140-428C-AE41-92E6353A8B90}"
EndProject
Global
	GlobalSection(SolutionConfigurationPlatforms) = preSolution
		Debug|Any CPU = Debug|Any CPU
		Debug|x64 = Debug|x64
		Debug|x86 = Debug|x86
		Release|Any CPU = Release|Any CPU
		Release|x64 = Release|x64
		Release|x86 = Release|x86
	EndGlobalSection
	GlobalSection(ProjectConfigurationPlatforms) = postSolution
		{B78E6452-3421-44F2-B8FC-D11F441B91EA}.Debug|Any CPU.ActiveCfg = Debug|Any CPU
		{B78E6452-3421-44F2-B8FC-D11F441B91EA}.Debug|Any CPU.Build.0 = Debug|Any CPU
		{B78E6452-3421-44F2-B8FC-D11F441B91EA}.Debug|x64.ActiveCfg = Debug|Any CPU
		{B78E6452-3421-44F2-B8FC-D11F441B91EA}.Debug|x64.Build.0 = Debug|Any CPU
		{B78E6452-3421-44F2-B8FC-D11F441B91EA}.Debug|x86.ActiveCfg = Debug|Any CPU
		{B78E6452-3421-44F2-B8FC-D11F441B91EA}.Debug|x86.Build.0 = Debug|Any CPU
		{B78E6452-3421-44F2-B8FC-D11F441B91EA}.Release|Any CPU.ActiveCfg = Release|Any CPU
		{B78E6452-3421-44F2-B8FC-D11F441B91EA}.Release|Any CPU.Build.0 = Release|Any CPU
		{B78E6452-3421-44F2-B8FC-D11F441B91EA}.Release|x64.ActiveCfg = Release|Any CPU
		{B78E6452-3421-44F2-B8FC-D11F441B91EA}.Release|x64.Build.0 = Release|Any CPU
		{B78E6452-3421-44F2-B8FC-D11F441B91EA}.Release|x86.ActiveCfg = Release|Any CPU
		{B78E6452-3421-44F2-B8FC-D11F441B91EA}.Release|x86.Build.0 = Release|Any CPU
		{C7819897-5140-428C-AE41-92E6353A8B90}.Debug|Any CPU.ActiveCfg = Debug|Any CPU
		{C7819897-5140-428C-AE41-92E6353A8B90}.Debug|Any CPU.Build.0 = Debug|Any CPU
		{C7819897-5140-428C-AE41-92E6353A8B90}.Debug|x64.ActiveCfg = Debug|Any CPU
		{C7819897-5140-428C-AE41-92E6353A8B90}.Debug|x64.Build.0 = Debug|Any CPU
		{C7819897-5140-428C-AE41-92E6353A8B90}.Debug|x86.ActiveCfg = Debug|Any CPU
		{C7819897-5140-428C-AE41-92E6353A8B90}.Debug|x86.Build.0 = Debug|Any CPU
		{C7819897-5140-428C-AE41-92E6353A8B90}.Release|Any CPU.ActiveCfg = Release|Any CPU
		{C7819897-5140-428C-AE41-92E6353A8B90}.Release|Any CPU.Build.0 = Release|Any CPU
		{C7819897-5140-428C-AE41-92E6353A8B90}.Release|x64.ActiveCfg = Release|Any CPU
		{C7819897-5140-428C-AE41-92E6353A8B90}.Release|x64.Build.0 = Release|Any CPU
		{C7819897-5140-428C-AE41-92E6353A8B90}.Release|x86.ActiveCfg = Release|Any CPU
		{C7819897-5140-428C-AE41-92E6353A8B90}.Release|x86.Build.0 = Release|Any CPU
	EndGlobalSection
	GlobalSection(SolutionProperties) = preSolution
		HideSolutionNode = FALSE
	EndGlobalSection
EndGlobal
